// !$*UTF8*$!
{
	archiveVersion = 1;
	classes = {
	};
	objectVersion = 56;
	objects = {

/* Begin PBXBuildFile section */
		E4A543ED2B5F57BE00C99FE1 /* AppDelegate.swift in Sources */ = {isa = PBXBuildFile; fileRef = E4A543EC2B5F57BE00C99FE1 /* AppDelegate.swift */; };
		E4A543F12B5F57BE00C99FE1 /* ViewController.swift in Sources */ = {isa = PBXBuildFile; fileRef = E4A543F02B5F57BE00C99FE1 /* ViewController.swift */; };
		E4A543F62B5F57BF00C99FE1 /* Assets.xcassets in Resources */ = {isa = PBXBuildFile; fileRef = E4A543F52B5F57BF00C99FE1 /* Assets.xcassets */; };
		E4A543F92B5F57BF00C99FE1 /* LaunchScreen.storyboard in Resources */ = {isa = PBXBuildFile; fileRef = E4A543F72B5F57BF00C99FE1 /* LaunchScreen.storyboard */; };
		E4A544082B5F5F6E00C99FE1 /* ProgressView.swift in Sources */ = {isa = PBXBuildFile; fileRef = E4A544022B5F5F6E00C99FE1 /* ProgressView.swift */; };
		E4A544092B5F5F6E00C99FE1 /* HUDView.swift in Sources */ = {isa = PBXBuildFile; fileRef = E4A544042B5F5F6E00C99FE1 /* HUDView.swift */; };
		E4A5440A2B5F5F6E00C99FE1 /* HUD.swift in Sources */ = {isa = PBXBuildFile; fileRef = E4A544052B5F5F6E00C99FE1 /* HUD.swift */; };
		E4A5440B2B5F5F6E00C99FE1 /* HUD.xcassets in Resources */ = {isa = PBXBuildFile; fileRef = E4A544062B5F5F6E00C99FE1 /* HUD.xcassets */; };
		E4A5440C2B5F5F6E00C99FE1 /* HUD+Extension.swift in Sources */ = {isa = PBXBuildFile; fileRef = E4A544072B5F5F6E00C99FE1 /* HUD+Extension.swift */; };
/* End PBXBuildFile section */

/* Begin PBXFileReference section */
		E4A543E92B5F57BE00C99FE1 /* SwiftyHUD.app */ = {isa = PBXFileReference; explicitFileType = wrapper.application; includeInIndex = 0; path = SwiftyHUD.app; sourceTree = BUILT_PRODUCTS_DIR; };
		E4A543EC2B5F57BE00C99FE1 /* AppDelegate.swift */ = {isa = PBXFileReference; lastKnownFileType = sourcecode.swift; path = AppDelegate.swift; sourceTree = "<group>"; };
		E4A543F02B5F57BE00C99FE1 /* ViewController.swift */ = {isa = PBXFileReference; lastKnownFileType = sourcecode.swift; path = ViewController.swift; sourceTree = "<group>"; };
		E4A543F52B5F57BF00C99FE1 /* Assets.xcassets */ = {isa = PBXFileReference; lastKnownFileType = folder.assetcatalog; path = Assets.xcassets; sourceTree = "<group>"; };
		E4A543F82B5F57BF00C99FE1 /* Base */ = {isa = PBXFileReference; lastKnownFileType = file.storyboard; name = Base; path = Base.lproj/LaunchScreen.storyboard; sourceTree = "<group>"; };
		E4A543FA2B5F57BF00C99FE1 /* Info.plist */ = {isa = PBXFileReference; lastKnownFileType = text.plist.xml; path = Info.plist; sourceTree = "<group>"; };
		E4A544022B5F5F6E00C99FE1 /* ProgressView.swift */ = {isa = PBXFileReference; fileEncoding = 4; lastKnownFileType = sourcecode.swift; path = ProgressView.swift; sourceTree = "<group>"; };
		E4A544042B5F5F6E00C99FE1 /* HUDView.swift */ = {isa = PBXFileReference; fileEncoding = 4; lastKnownFileType = sourcecode.swift; path = HUDView.swift; sourceTree = "<group>"; };
		E4A544052B5F5F6E00C99FE1 /* HUD.swift */ = {isa = PBXFileReference; fileEncoding = 4; lastKnownFileType = sourcecode.swift; path = HUD.swift; sourceTree = "<group>"; };
		E4A544062B5F5F6E00C99FE1 /* HUD.xcassets */ = {isa = PBXFileReference; lastKnownFileType = folder.assetcatalog; path = HUD.xcassets; sourceTree = "<group>"; };
		E4A544072B5F5F6E00C99FE1 /* HUD+Extension.swift */ = {isa = PBXFileReference; fileEncoding = 4; lastKnownFileType = sourcecode.swift; path = "HUD+Extension.swift"; sourceTree = "<group>"; };
/* End PBXFileReference section */

/* Begin PBXFrameworksBuildPhase section */
		E4A543E62B5F57BE00C99FE1 /* Frameworks */ = {
			isa = PBXFrameworksBuildPhase;
			buildActionMask = 2147483647;
			files = (
			);
			runOnlyForDeploymentPostprocessing = 0;
		};
/* End PBXFrameworksBuildPhase section */

/* Begin PBXGroup section */
		E4A543E02B5F57BE00C99FE1 = {
			isa = PBXGroup;
			children = (
				E4A544002B5F5F4A00C99FE1 /* Sources */,
				E4A543EB2B5F57BE00C99FE1 /* SwiftyHUD */,
				E4A543EA2B5F57BE00C99FE1 /* Products */,
			);
			sourceTree = "<group>";
		};
		E4A543EA2B5F57BE00C99FE1 /* Products */ = {
			isa = PBXGroup;
			children = (
				E4A543E92B5F57BE00C99FE1 /* SwiftyHUD.app */,
			);
			name = Products;
			sourceTree = "<group>";
		};
		E4A543EB2B5F57BE00C99FE1 /* SwiftyHUD */ = {
			isa = PBXGroup;
			children = (
				E4A543EC2B5F57BE00C99FE1 /* AppDelegate.swift */,
				E4A543F02B5F57BE00C99FE1 /* ViewController.swift */,
				E4A543F52B5F57BF00C99FE1 /* Assets.xcassets */,
				E4A543F72B5F57BF00C99FE1 /* LaunchScreen.storyboard */,
				E4A543FA2B5F57BF00C99FE1 /* Info.plist */,
			);
			path = SwiftyHUD;
			sourceTree = "<group>";
		};
		E4A544002B5F5F4A00C99FE1 /* Sources */ = {
			isa = PBXGroup;
			children = (
				E4A544022B5F5F6E00C99FE1 /* ProgressView.swift */,
				E4A544042B5F5F6E00C99FE1 /* HUDView.swift */,
				E4A544052B5F5F6E00C99FE1 /* HUD.swift */,
				E4A544062B5F5F6E00C99FE1 /* HUD.xcassets */,
				E4A544072B5F5F6E00C99FE1 /* HUD+Extension.swift */,
			);
			path = Sources;
			sourceTree = "<group>";
		};
/* End PBXGroup section */

/* Begin PBXNativeTarget section */
		E4A543E82B5F57BE00C99FE1 /* SwiftyHUD */ = {
			isa = PBXNativeTarget;
			buildConfigurationList = E4A543FD2B5F57BF00C99FE1 /* Build configuration list for PBXNativeTarget "SwiftyHUD" */;
			buildPhases = (
				E4A543E52B5F57BE00C99FE1 /* Sources */,
				E4A543E62B5F57BE00C99FE1 /* Frameworks */,
				E4A543E72B5F57BE00C99FE1 /* Resources */,
			);
			buildRules = (
			);
			dependencies = (
			);
			name = SwiftyHUD;
			productName = SwiftyHUD;
			productReference = E4A543E92B5F57BE00C99FE1 /* SwiftyHUD.app */;
			productType = "com.apple.product-type.application";
		};
/* End PBXNativeTarget section */

/* Begin PBXProject section */
		E4A543E12B5F57BE00C99FE1 /* Project object */ = {
			isa = PBXProject;
			attributes = {
				BuildIndependentTargetsInParallel = 1;
				LastSwiftUpdateCheck = 1500;
				LastUpgradeCheck = 1500;
				TargetAttributes = {
					E4A543E82B5F57BE00C99FE1 = {
						CreatedOnToolsVersion = 15.0;
					};
				};
			};
			buildConfigurationList = E4A543E42B5F57BE00C99FE1 /* Build configuration list for PBXProject "SwiftyHUD" */;
			compatibilityVersion = "Xcode 14.0";
			developmentRegion = en;
			hasScannedForEncodings = 0;
			knownRegions = (
				en,
				Base,
			);
			mainGroup = E4A543E02B5F57BE00C99FE1;
			productRefGroup = E4A543EA2B5F57BE00C99FE1 /* Products */;
			projectDirPath = "";
			projectRoot = "";
			targets = (
				E4A543E82B5F57BE00C99FE1 /* SwiftyHUD */,
			);
		};
/* End PBXProject section */

/* Begin PBXResourcesBuildPhase section */
		E4A543E72B5F57BE00C99FE1 /* Resources */ = {
			isa = PBXResourcesBuildPhase;
			buildActionMask = 2147483647;
			files = (
				E4A543F92B5F57BF00C99FE1 /* LaunchScreen.storyboard in Resources */,
				E4A543F62B5F57BF00C99FE1 /* Assets.xcassets in Resources */,
				E4A5440B2B5F5F6E00C99FE1 /* HUD.xcassets in Resources */,
			);
			runOnlyForDeploymentPostprocessing = 0;
		};
/* End PBXResourcesBuildPhase section */

/* Begin PBXSourcesBuildPhase section */
		E4A543E52B5F57BE00C99FE1 /* Sources */ = {
			isa = PBXSourcesBuildPhase;
			buildActionMask = 2147483647;
			files = (
				E4A544092B5F5F6E00C99FE1 /* HUDView.swift in Sources */,
				E4A5440A2B5F5F6E00C99FE1 /* HUD.swift in Sources */,
				E4A543F12B5F57BE00C99FE1 /* ViewController.swift in Sources */,
				E4A543ED2B5F57BE00C99FE1 /* AppDelegate.swift in Sources */,
				E4A544082B5F5F6E00C99FE1 /* ProgressView.swift in Sources */,
				E4A5440C2B5F5F6E00C99FE1 /* HUD+Extension.swift in Sources */,
			);
			runOnlyForDeploymentPostprocessing = 0;
		};
/* End PBXSourcesBuildPhase section */

/* Begin PBXVariantGroup section */
		E4A543F72B5F57BF00C99FE1 /* LaunchScreen.storyboard */ = {
			isa = PBXVariantGroup;
			children = (
				E4A543F82B5F57BF00C99FE1 /* Base */,
			);
			name = LaunchScreen.storyboard;
			sourceTree = "<group>";
		};
/* End PBXVariantGroup section */

/* Begin XCBuildConfiguration section */
		E4A543FB2B5F57BF00C99FE1 /* Debug */ = {
			isa = XCBuildConfiguration;
			buildSettings = {
				ALWAYS_SEARCH_USER_PATHS = NO;
				ASSETCATALOG_COMPILER_GENERATE_SWIFT_ASSET_SYMBOL_EXTENSIONS = YES;
				CLANG_ANALYZER_NONNULL = YES;
				CLANG_ANALYZER_NUMBER_OBJECT_CONVERSION = YES_AGGRESSIVE;
				CLANG_CXX_LANGUAGE_STANDARD = "gnu++20";
				CLANG_ENABLE_MODULES = YES;
				CLANG_ENABLE_OBJC_ARC = YES;
				CLANG_ENABLE_OBJC_WEAK = YES;
				CLANG_WARN_BLOCK_CAPTURE_AUTORELEASING = YES;
				CLANG_WARN_BOOL_CONVERSION = YES;
				CLANG_WARN_COMMA = YES;
				CLANG_WARN_CONSTANT_CONVERSION = YES;
				CLANG_WARN_DEPRECATED_OBJC_IMPLEMENTATIONS = YES;
				CLANG_WARN_DIRECT_OBJC_ISA_USAGE = YES_ERROR;
				CLANG_WARN_DOCUMENTATION_COMMENTS = YES;
				CLANG_WARN_EMPTY_BODY = YES;
				CLANG_WARN_ENUM_CONVERSION = YES;
				CLANG_WARN_INFINITE_RECURSION = YES;
				CLANG_WARN_INT_CONVERSION = YES;
				CLANG_WARN_NON_LITERAL_NULL_CONVERSION = YES;
				CLANG_WARN_OBJC_IMPLICIT_RETAIN_SELF = YES;
				CLANG_WARN_OBJC_LITERAL_CONVERSION = YES;
				CLANG_WARN_OBJC_ROOT_CLASS = YES_ERROR;
				CLANG_WARN_QUOTED_INCLUDE_IN_FRAMEWORK_HEADER = YES;
				CLANG_WARN_RANGE_LOOP_ANALYSIS = YES;
				CLANG_WARN_STRICT_PROTOTYPES = YES;
				CLANG_WARN_SUSPICIOUS_MOVE = YES;
				CLANG_WARN_UNGUARDED_AVAILABILITY = YES_AGGRESSIVE;
				CLANG_WARN_UNREACHABLE_CODE = YES;
				CLANG_WARN__DUPLICATE_METHOD_MATCH = YES;
				COPY_PHASE_STRIP = NO;
				DEBUG_INFORMATION_FORMAT = dwarf;
				ENABLE_STRICT_OBJC_MSGSEND = YES;
				ENABLE_TESTABILITY = YES;
				ENABLE_USER_SCRIPT_SANDBOXING = YES;
				GCC_C_LANGUAGE_STANDARD = gnu17;
				GCC_DYNAMIC_NO_PIC = NO;
				GCC_NO_COMMON_BLOCKS = YES;
				GCC_OPTIMIZATION_LEVEL = 0;
				GCC_PREPROCESSOR_DEFINITIONS = (
					"DEBUG=1",
					"$(inherited)",
				);
				GCC_WARN_64_TO_32_BIT_CONVERSION = YES;
				GCC_WARN_ABOUT_RETURN_TYPE = YES_ERROR;
				GCC_WARN_UNDECLARED_SELECTOR = YES;
				GCC_WARN_UNINITIALIZED_AUTOS = YES_AGGRESSIVE;
				GCC_WARN_UNUSED_FUNCTION = YES;
				GCC_WARN_UNUSED_VARIABLE = YES;
				IPHONEOS_DEPLOYMENT_TARGET = 17.0;
				LOCALIZATION_PREFERS_STRING_CATALOGS = YES;
				MTL_ENABLE_DEBUG_INFO = INCLUDE_SOURCE;
				MTL_FAST_MATH = YES;
				ONLY_ACTIVE_ARCH = YES;
				SDKROOT = iphoneos;
				SWIFT_ACTIVE_COMPILATION_CONDITIONS = "DEBUG $(inherited)";
				SWIFT_OPTIMIZATION_LEVEL = "-Onone";
			};
			name = Debug;
		};
		E4A543FC2B5F57BF00C99FE1 /* Release */ = {
			isa = XCBuildConfiguration;
			buildSettings = {
				ALWAYS_SEARCH_USER_PATHS = NO;
				ASSETCATALOG_COMPILER_GENERATE_SWIFT_ASSET_SYMBOL_EXTENSIONS = YES;
				CLANG_ANALYZER_NONNULL = YES;
				CLANG_ANALYZER_NUMBER_OBJECT_CONVERSION = YES_AGGRESSIVE;
				CLANG_CXX_LANGUAGE_STANDARD = "gnu++20";
				CLANG_ENABLE_MODULES = YES;
				CLANG_ENABLE_OBJC_ARC = YES;
				CLANG_ENABLE_OBJC_WEAK = YES;
				CLANG_WARN_BLOCK_CAPTURE_AUTORELEASING = YES;
				CLANG_WARN_BOOL_CONVERSION = YES;
				CLANG_WARN_COMMA = YES;
				CLANG_WARN_CONSTANT_CONVERSION = YES;
				CLANG_WARN_DEPRECATED_OBJC_IMPLEMENTATIONS = YES;
				CLANG_WARN_DIRECT_OBJC_ISA_USAGE = YES_ERROR;
				CLANG_WARN_DOCUMENTATION_COMMENTS = YES;
				CLANG_WARN_EMPTY_BODY = YES;
				CLANG_WARN_ENUM_CONVERSION = YES;
				CLANG_WARN_INFINITE_RECURSION = YES;
				CLANG_WARN_INT_CONVERSION = YES;
				CLANG_WARN_NON_LITERAL_NULL_CONVERSION = YES;
				CLANG_WARN_OBJC_IMPLICIT_RETAIN_SELF = YES;
				CLANG_WARN_OBJC_LITERAL_CONVERSION = YES;
				CLANG_WARN_OBJC_ROOT_CLASS = YES_ERROR;
				CLANG_WARN_QUOTED_INCLUDE_IN_FRAMEWORK_HEADER = YES;
				CLANG_WARN_RANGE_LOOP_ANALYSIS = YES;
				CLANG_WARN_STRICT_PROTOTYPES = YES;
				CLANG_WARN_SUSPICIOUS_MOVE = YES;
				CLANG_WARN_UNGUARDED_AVAILABILITY = YES_AGGRESSIVE;
				CLANG_WARN_UNREACHABLE_CODE = YES;
				CLANG_WARN__DUPLICATE_METHOD_MATCH = YES;
				COPY_PHASE_STRIP = NO;
				DEBUG_INFORMATION_FORMAT = "dwarf-with-dsym";
				ENABLE_NS_ASSERTIONS = NO;
				ENABLE_STRICT_OBJC_MSGSEND = YES;
				ENABLE_USER_SCRIPT_SANDBOXING = YES;
				GCC_C_LANGUAGE_STANDARD = gnu17;
				GCC_NO_COMMON_BLOCKS = YES;
				GCC_WARN_64_TO_32_BIT_CONVERSION = YES;
				GCC_WARN_ABOUT_RETURN_TYPE = YES_ERROR;
				GCC_WARN_UNDECLARED_SELECTOR = YES;
				GCC_WARN_UNINITIALIZED_AUTOS = YES_AGGRESSIVE;
				GCC_WARN_UNUSED_FUNCTION = YES;
				GCC_WARN_UNUSED_VARIABLE = YES;
				IPHONEOS_DEPLOYMENT_TARGET = 17.0;
				LOCALIZATION_PREFERS_STRING_CATALOGS = YES;
				MTL_ENABLE_DEBUG_INFO = NO;
				MTL_FAST_MATH = YES;
				SDKROOT = iphoneos;
				SWIFT_COMPILATION_MODE = wholemodule;
				VALIDATE_PRODUCT = YES;
			};
			name = Release;
		};
		E4A543FE2B5F57BF00C99FE1 /* Debug */ = {
			isa = XCBuildConfiguration;
			buildSettings = {
				ASSETCATALOG_COMPILER_APPICON_NAME = AppIcon;
				ASSETCATALOG_COMPILER_GLOBAL_ACCENT_COLOR_NAME = AccentColor;
				CODE_SIGN_IDENTITY = "Apple Development";
				CODE_SIGN_STYLE = Manual;
				CURRENT_PROJECT_VERSION = 1;
				DEVELOPMENT_TEAM = "";
				GENERATE_INFOPLIST_FILE = YES;
				INFOPLIST_FILE = SwiftyHUD/Info.plist;
				INFOPLIST_KEY_UIApplicationSupportsIndirectInputEvents = YES;
				INFOPLIST_KEY_UILaunchStoryboardName = LaunchScreen;
				INFOPLIST_KEY_UISupportedInterfaceOrientations_iPad = "UIInterfaceOrientationPortrait UIInterfaceOrientationPortraitUpsideDown UIInterfaceOrientationLandscapeLeft UIInterfaceOrientationLandscapeRight";
				INFOPLIST_KEY_UISupportedInterfaceOrientations_iPhone = "UIInterfaceOrientationPortrait UIInterfaceOrientationLandscapeLeft UIInterfaceOrientationLandscapeRight";
				IPHONEOS_DEPLOYMENT_TARGET = 12.0;
				LD_RUNPATH_SEARCH_PATHS = (
					"$(inherited)",
					"@executable_path/Frameworks",
				);
				MARKETING_VERSION = 1.0;
				PRODUCT_BUNDLE_IDENTIFIER = com.91160.bfe.swiftyhud;
				PRODUCT_NAME = "$(TARGET_NAME)";
				PROVISIONING_PROFILE_SPECIFIER = "";
				SWIFT_EMIT_LOC_STRINGS = YES;
				SWIFT_VERSION = 5.0;
				TARGETED_DEVICE_FAMILY = "1,2";
			};
			name = Debug;
		};
		E4A543FF2B5F57BF00C99FE1 /* Release */ = {
			isa = XCBuildConfiguration;
			buildSettings = {
				ASSETCATALOG_COMPILER_APPICON_NAME = AppIcon;
				ASSETCATALOG_COMPILER_GLOBAL_ACCENT_COLOR_NAME = AccentColor;
				CODE_SIGN_IDENTITY = "Apple Development";
				CODE_SIGN_STYLE = Manual;
				CURRENT_PROJECT_VERSION = 1;
				DEVELOPMENT_TEAM = "";
				GENERATE_INFOPLIST_FILE = YES;
				INFOPLIST_FILE = SwiftyHUD/Info.plist;
				INFOPLIST_KEY_UIApplicationSupportsIndirectInputEvents = YES;
				INFOPLIST_KEY_UILaunchStoryboardName = LaunchScreen;
				INFOPLIST_KEY_UISupportedInterfaceOrientations_iPad = "UIInterfaceOrientationPortrait UIInterfaceOrientationPortraitUpsideDown UIInterfaceOrientationLandscapeLeft UIInterfaceOrientationLandscapeRight";
				INFOPLIST_KEY_UISupportedInterfaceOrientations_iPhone = "UIInterfaceOrientationPortrait UIInterfaceOrientationLandscapeLeft UIInterfaceOrientationLandscapeRight";
				IPHONEOS_DEPLOYMENT_TARGET = 12.0;
				LD_RUNPATH_SEARCH_PATHS = (
					"$(inherited)",
					"@executable_path/Frameworks",
				);
				MARKETING_VERSION = 1.0;
				PRODUCT_BUNDLE_IDENTIFIER = com.91160.bfe.swiftyhud;
				PRODUCT_NAME = "$(TARGET_NAME)";
				PROVISIONING_PROFILE_SPECIFIER = "";
				SWIFT_EMIT_LOC_STRINGS = YES;
				SWIFT_VERSION = 5.0;
				TARGETED_DEVICE_FAMILY = "1,2";
			};
			name = Release;
		};
/* End XCBuildConfiguration section */

/* Begin XCConfigurationList section */
		E4A543E42B5F57BE00C99FE1 /* Build configuration list for PBXProject "SwiftyHUD" */ = {
			isa = XCConfigurationList;
			buildConfigurations = (
				E4A543FB2B5F57BF00C99FE1 /* Debug */,
				E4A543FC2B5F57BF00C99FE1 /* Release */,
			);
			defaultConfigurationIsVisible = 0;
			defaultConfigurationName = Release;
		};
		E4A543FD2B5F57BF00C99FE1 /* Build configuration list for PBXNativeTarget "SwiftyHUD" */ = {
			isa = XCConfigurationList;
			buildConfigurations = (
				E4A543FE2B5F57BF00C99FE1 /* Debug */,
				E4A543FF2B5F57BF00C99FE1 /* Release */,
			);
			defaultConfigurationIsVisible = 0;
			defaultConfigurationName = Release;
		};
/* End XCConfigurationList section */
	};
	rootObject = E4A543E12B5F57BE00C99FE1 /* Project object */;
}
